// !$*UTF8*$!
{
	archiveVersion = 1;
	classes = {
	};
	objectVersion = 46;
	objects = {

/* Begin PBXBuildFile section */
		775BDEF1067A8BF0009058FE /* MyDocument.xcdatamodel in Sources */ = {isa = PBXBuildFile; fileRef = 775BDEF0067A8BF0009058FE /* MyDocument.xcdatamodel */; };
		775DFF38067A968500C5B868 /* Cocoa.framework in Frameworks */ = {isa = PBXBuildFile; fileRef = 1058C7A7FEA54F5311CA2CBB /* Cocoa.framework */; };
		8D15AC2C0486D014006FF6A4 /* Credits.rtf in Resources */ = {isa = PBXBuildFile; fileRef = 2A37F4B9FDCFA73011CA2CEA /* Credits.rtf */; };
		8D15AC2D0486D014006FF6A4 /* MainMenu.nib in Resources */ = {isa = PBXBuildFile; fileRef = 2A37F4B6FDCFA73011CA2CEA /* MainMenu.nib */; };
		8D15AC2E0486D014006FF6A4 /* MyDocument.nib in Resources */ = {isa = PBXBuildFile; fileRef = 2A37F4B4FDCFA73011CA2CEA /* MyDocument.nib */; };
		8D15AC2F0486D014006FF6A4 /* InfoPlist.strings in Resources */ = {isa = PBXBuildFile; fileRef = 089C165FFE840EACC02AAC07 /* InfoPlist.strings */; };
		8D15AC310486D014006FF6A4 /* MyDocument.m in Sources */ = {isa = PBXBuildFile; fileRef = 2A37F4ACFDCFA73011CA2CEA /* MyDocument.m */; settings = {ATTRIBUTES = (); }; };
		8D15AC320486D014006FF6A4 /* main.m in Sources */ = {isa = PBXBuildFile; fileRef = 2A37F4B0FDCFA73011CA2CEA /* main.m */; settings = {ATTRIBUTES = (); }; };
		B44DCB9F0A8645A100A661DE /* EFFake.m in Sources */ = {isa = PBXBuildFile; fileRef = B44DCB980A8645A100A661DE /* EFFake.m */; };
		B4510C370A8886260058EAF4 /* EFLaceView.h in Headers */ = {isa = PBXBuildFile; fileRef = B44DCB990A8645A100A661DE /* EFLaceView.h */; settings = {ATTRIBUTES = (Public, ); }; };
		B4510C3A0A88862A0058EAF4 /* EFLaceView.m in Sources */ = {isa = PBXBuildFile; fileRef = B44DCB9A0A8645A100A661DE /* EFLaceView.m */; };
		B4510C3D0A88862F0058EAF4 /* EFView.h in Headers */ = {isa = PBXBuildFile; fileRef = B44DCB9B0A8645A100A661DE /* EFView.h */; settings = {ATTRIBUTES = (Public, ); }; };
		B4510C400A8886340058EAF4 /* EFView.m in Sources */ = {isa = PBXBuildFile; fileRef = B44DCB9C0A8645A100A661DE /* EFView.m */; };
		B4510C470A8886450058EAF4 /* Utils.h in Headers */ = {isa = PBXBuildFile; fileRef = B44DCB9D0A8645A100A661DE /* Utils.h */; settings = {ATTRIBUTES = (Public, ); }; };
		B4510C4A0A8886490058EAF4 /* Utils.m in Sources */ = {isa = PBXBuildFile; fileRef = B44DCB9E0A8645A100A661DE /* Utils.m */; };
		B4510C4D0A88864F0058EAF4 /* Credits.rtf in Resources */ = {isa = PBXBuildFile; fileRef = 2A37F4B9FDCFA73011CA2CEA /* Credits.rtf */; };
		B4510CB50A8888330058EAF4 /* EFLaceView.m in Sources */ = {isa = PBXBuildFile; fileRef = B44DCB9A0A8645A100A661DE /* EFLaceView.m */; };
		B4510CB80A8888380058EAF4 /* EFView.m in Sources */ = {isa = PBXBuildFile; fileRef = B44DCB9C0A8645A100A661DE /* EFView.m */; };
		B4510CBB0A88883D0058EAF4 /* Utils.m in Sources */ = {isa = PBXBuildFile; fileRef = B44DCB9E0A8645A100A661DE /* Utils.m */; };
		B45A07090A8DFA8400BEB697 /* bug.icns in Resources */ = {isa = PBXBuildFile; fileRef = B45A07080A8DFA8400BEB697 /* bug.icns */; };
/* End PBXBuildFile section */

/* Begin PBXFileReference section */
		089C1660FE840EACC02AAC07 /* English */ = {isa = PBXFileReference; fileEncoding = 10; lastKnownFileType = text.plist.strings; name = English; path = English.lproj/InfoPlist.strings; sourceTree = "<group>"; };
		1058C7A7FEA54F5311CA2CBB /* Cocoa.framework */ = {isa = PBXFileReference; lastKnownFileType = wrapper.framework; name = Cocoa.framework; path = /System/Library/Frameworks/Cocoa.framework; sourceTree = "<absolute>"; };
		2A37F4ACFDCFA73011CA2CEA /* MyDocument.m */ = {isa = PBXFileReference; fileEncoding = 4; lastKnownFileType = sourcecode.c.objc; path = MyDocument.m; sourceTree = "<group>"; };
		2A37F4AEFDCFA73011CA2CEA /* MyDocument.h */ = {isa = PBXFileReference; fileEncoding = 4; lastKnownFileType = sourcecode.c.h; path = MyDocument.h; sourceTree = "<group>"; };
		2A37F4B0FDCFA73011CA2CEA /* main.m */ = {isa = PBXFileReference; fileEncoding = 4; lastKnownFileType = sourcecode.c.objc; path = main.m; sourceTree = "<group>"; };
		2A37F4B5FDCFA73011CA2CEA /* English */ = {isa = PBXFileReference; lastKnownFileType = wrapper.nib; name = English; path = English.lproj/MyDocument.nib; sourceTree = "<group>"; };
		2A37F4B7FDCFA73011CA2CEA /* English */ = {isa = PBXFileReference; lastKnownFileType = wrapper.nib; name = English; path = English.lproj/MainMenu.nib; sourceTree = "<group>"; };
		2A37F4BAFDCFA73011CA2CEA /* English */ = {isa = PBXFileReference; lastKnownFileType = text.rtf; name = English; path = English.lproj/Credits.rtf; sourceTree = "<group>"; };
		2A37F4C4FDCFA73011CA2CEA /* AppKit.framework */ = {isa = PBXFileReference; lastKnownFileType = wrapper.framework; name = AppKit.framework; path = /System/Library/Frameworks/AppKit.framework; sourceTree = "<absolute>"; };
		2A37F4C5FDCFA73011CA2CEA /* Foundation.framework */ = {isa = PBXFileReference; lastKnownFileType = wrapper.framework; name = Foundation.framework; path = /System/Library/Frameworks/Foundation.framework; sourceTree = "<absolute>"; };
		32DBCF750370BD2300C91783 /* EFLaceViewCoreData_Prefix.pch */ = {isa = PBXFileReference; fileEncoding = 4; lastKnownFileType = sourcecode.c.h; path = EFLaceViewCoreData_Prefix.pch; sourceTree = "<group>"; };
		775BDEF0067A8BF0009058FE /* MyDocument.xcdatamodel */ = {isa = PBXFileReference; fileEncoding = 4; lastKnownFileType = wrapper.xcdatamodel; path = MyDocument.xcdatamodel; sourceTree = "<group>"; };
		7788DA0506752A1600599AAD /* CoreData.framework */ = {isa = PBXFileReference; lastKnownFileType = wrapper.framework; name = CoreData.framework; path = /System/Library/Frameworks/CoreData.framework; sourceTree = "<absolute>"; };
		8D15AC360486D014006FF6A4 /* Info.plist */ = {isa = PBXFileReference; fileEncoding = 4; lastKnownFileType = text.plist; path = Info.plist; sourceTree = "<group>"; };
		8D15AC370486D014006FF6A4 /* EFLaceViewCoreData.app */ = {isa = PBXFileReference; explicitFileType = wrapper.application; includeInIndex = 0; path = EFLaceViewCoreData.app; sourceTree = BUILT_PRODUCTS_DIR; };
		B44DCB970A8645A100A661DE /* EFFake.h */ = {isa = PBXFileReference; fileEncoding = 30; lastKnownFileType = sourcecode.c.h; path = EFFake.h; sourceTree = "<group>"; };
		B44DCB980A8645A100A661DE /* EFFake.m */ = {isa = PBXFileReference; fileEncoding = 30; lastKnownFileType = sourcecode.c.objc; path = EFFake.m; sourceTree = "<group>"; };
		B44DCB990A8645A100A661DE /* EFLaceView.h */ = {isa = PBXFileReference; fileEncoding = 30; lastKnownFileType = sourcecode.c.h; path = EFLaceView.h; sourceTree = "<group>"; };
		B44DCB9A0A8645A100A661DE /* EFLaceView.m */ = {isa = PBXFileReference; fileEncoding = 30; lastKnownFileType = sourcecode.c.objc; path = EFLaceView.m; sourceTree = "<group>"; };
		B44DCB9B0A8645A100A661DE /* EFView.h */ = {isa = PBXFileReference; fileEncoding = 30; lastKnownFileType = sourcecode.c.h; path = EFView.h; sourceTree = "<group>"; };
		B44DCB9C0A8645A100A661DE /* EFView.m */ = {isa = PBXFileReference; fileEncoding = 30; lastKnownFileType = sourcecode.c.objc; path = EFView.m; sourceTree = "<group>"; };
		B44DCB9D0A8645A100A661DE /* Utils.h */ = {isa = PBXFileReference; fileEncoding = 30; lastKnownFileType = sourcecode.c.h; path = Utils.h; sourceTree = "<group>"; };
		B44DCB9E0A8645A100A661DE /* Utils.m */ = {isa = PBXFileReference; fileEncoding = 30; lastKnownFileType = sourcecode.c.objc; path = Utils.m; sourceTree = "<group>"; };
		B4510C280A8885E80058EAF4 /* EFLaceViewLib.framework */ = {isa = PBXFileReference; explicitFileType = wrapper.framework; includeInIndex = 0; path = EFLaceViewLib.framework; sourceTree = BUILT_PRODUCTS_DIR; };
		B4510C290A8885E80058EAF4 /* EFLaceViewLib-Info.plist */ = {isa = PBXFileReference; lastKnownFileType = text.plist.xml; path = "EFLaceViewLib-Info.plist"; sourceTree = "<group>"; };
		B45A07080A8DFA8400BEB697 /* bug.icns */ = {isa = PBXFileReference; lastKnownFileType = image.icns; path = bug.icns; sourceTree = "<group>"; };
/* End PBXFileReference section */

/* Begin PBXFrameworksBuildPhase section */
		8D15AC330486D014006FF6A4 /* Frameworks */ = {
			isa = PBXFrameworksBuildPhase;
			buildActionMask = 2147483647;
			files = (
				775DFF38067A968500C5B868 /* Cocoa.framework in Frameworks */,
			);
			runOnlyForDeploymentPostprocessing = 0;
		};
		B4510C260A8885E80058EAF4 /* Frameworks */ = {
			isa = PBXFrameworksBuildPhase;
			buildActionMask = 2147483647;
			files = (
			);
			runOnlyForDeploymentPostprocessing = 0;
		};
/* End PBXFrameworksBuildPhase section */

/* Begin PBXGroup section */
		1058C7A6FEA54F5311CA2CBB /* Linked Frameworks */ = {
			isa = PBXGroup;
			children = (
				1058C7A7FEA54F5311CA2CBB /* Cocoa.framework */,
			);
			name = "Linked Frameworks";
			sourceTree = "<group>";
		};
		1058C7A8FEA54F5311CA2CBB /* Other Frameworks */ = {
			isa = PBXGroup;
			children = (
				2A37F4C5FDCFA73011CA2CEA /* Foundation.framework */,
				7788DA0506752A1600599AAD /* CoreData.framework */,
				2A37F4C4FDCFA73011CA2CEA /* AppKit.framework */,
			);
			name = "Other Frameworks";
			sourceTree = "<group>";
		};
		19C28FB0FE9D524F11CA2CBB /* Products */ = {
			isa = PBXGroup;
			children = (
				8D15AC370486D014006FF6A4 /* EFLaceViewCoreData.app */,
				B4510C280A8885E80058EAF4 /* EFLaceViewLib.framework */,
			);
			name = Products;
			sourceTree = "<group>";
		};
		2A37F4AAFDCFA73011CA2CEA /* EFLaceViewCoreData */ = {
			isa = PBXGroup;
			children = (
				E1B74B1A0667B4A90069E3BA /* Models */,
				2A37F4ABFDCFA73011CA2CEA /* Classes */,
				2A37F4AFFDCFA73011CA2CEA /* Other Sources */,
				2A37F4B8FDCFA73011CA2CEA /* Resources */,
				2A37F4C3FDCFA73011CA2CEA /* Frameworks */,
				19C28FB0FE9D524F11CA2CBB /* Products */,
				B4510C290A8885E80058EAF4 /* EFLaceViewLib-Info.plist */,
			);
			name = EFLaceViewCoreData;
			sourceTree = "<group>";
		};
		2A37F4ABFDCFA73011CA2CEA /* Classes */ = {
			isa = PBXGroup;
			children = (
				B44DCB970A8645A100A661DE /* EFFake.h */,
				B44DCB980A8645A100A661DE /* EFFake.m */,
				B44DCB990A8645A100A661DE /* EFLaceView.h */,
				B44DCB9A0A8645A100A661DE /* EFLaceView.m */,
				B44DCB9B0A8645A100A661DE /* EFView.h */,
				B44DCB9C0A8645A100A661DE /* EFView.m */,
				B45A07080A8DFA8400BEB697 /* bug.icns */,
				B44DCB9D0A8645A100A661DE /* Utils.h */,
				B44DCB9E0A8645A100A661DE /* Utils.m */,
				2A37F4AEFDCFA73011CA2CEA /* MyDocument.h */,
				2A37F4ACFDCFA73011CA2CEA /* MyDocument.m */,
			);
			name = Classes;
			sourceTree = "<group>";
		};
		2A37F4AFFDCFA73011CA2CEA /* Other Sources */ = {
			isa = PBXGroup;
			children = (
				32DBCF750370BD2300C91783 /* EFLaceViewCoreData_Prefix.pch */,
				2A37F4B0FDCFA73011CA2CEA /* main.m */,
			);
			name = "Other Sources";
			sourceTree = "<group>";
		};
		2A37F4B8FDCFA73011CA2CEA /* Resources */ = {
			isa = PBXGroup;
			children = (
				2A37F4B9FDCFA73011CA2CEA /* Credits.rtf */,
				2A37F4B6FDCFA73011CA2CEA /* MainMenu.nib */,
				2A37F4B4FDCFA73011CA2CEA /* MyDocument.nib */,
				8D15AC360486D014006FF6A4 /* Info.plist */,
				089C165FFE840EACC02AAC07 /* InfoPlist.strings */,
			);
			name = Resources;
			sourceTree = "<group>";
		};
		2A37F4C3FDCFA73011CA2CEA /* Frameworks */ = {
			isa = PBXGroup;
			children = (
				1058C7A6FEA54F5311CA2CBB /* Linked Frameworks */,
				1058C7A8FEA54F5311CA2CBB /* Other Frameworks */,
			);
			name = Frameworks;
			sourceTree = "<group>";
		};
		E1B74B1A0667B4A90069E3BA /* Models */ = {
			isa = PBXGroup;
			children = (
				775BDEF0067A8BF0009058FE /* MyDocument.xcdatamodel */,
			);
			name = Models;
			sourceTree = "<group>";
		};
/* End PBXGroup section */

/* Begin PBXHeadersBuildPhase section */
		B4510C230A8885E80058EAF4 /* Headers */ = {
			isa = PBXHeadersBuildPhase;
			buildActionMask = 2147483647;
			files = (
				B4510C370A8886260058EAF4 /* EFLaceView.h in Headers */,
				B4510C3D0A88862F0058EAF4 /* EFView.h in Headers */,
				B4510C470A8886450058EAF4 /* Utils.h in Headers */,
			);
			runOnlyForDeploymentPostprocessing = 0;
		};
/* End PBXHeadersBuildPhase section */

/* Begin PBXNativeTarget section */
		8D15AC270486D014006FF6A4 /* EFLaceViewCoreData */ = {
			isa = PBXNativeTarget;
			buildConfigurationList = 26FC0AA50875C8B900E6366F /* Build configuration list for PBXNativeTarget "EFLaceViewCoreData" */;
			buildPhases = (
				8D15AC2B0486D014006FF6A4 /* Resources */,
				8D15AC300486D014006FF6A4 /* Sources */,
				8D15AC330486D014006FF6A4 /* Frameworks */,
			);
			buildRules = (
			);
			dependencies = (
			);
			name = EFLaceViewCoreData;
			productInstallPath = "$(HOME)/Applications";
			productName = EFLaceViewCoreData;
			productReference = 8D15AC370486D014006FF6A4 /* EFLaceViewCoreData.app */;
			productType = "com.apple.product-type.application";
		};
		B4510C270A8885E80058EAF4 /* EFLaceViewLib */ = {
			isa = PBXNativeTarget;
			buildConfigurationList = B4510C2A0A8885E90058EAF4 /* Build configuration list for PBXNativeTarget "EFLaceViewLib" */;
			buildPhases = (
				B4510C230A8885E80058EAF4 /* Headers */,
				B4510C240A8885E80058EAF4 /* Resources */,
				B4510C250A8885E80058EAF4 /* Sources */,
				B4510C260A8885E80058EAF4 /* Frameworks */,
			);
			buildRules = (
			);
			dependencies = (
			);
			name = EFLaceViewLib;
			productName = EFLaceViewLib;
			productReference = B4510C280A8885E80058EAF4 /* EFLaceViewLib.framework */;
			productType = "com.apple.product-type.framework";
		};
/* End PBXNativeTarget section */

/* Begin PBXProject section */
		2A37F4A9FDCFA73011CA2CEA /* Project object */ = {
			isa = PBXProject;
			attributes = {
				LastUpgradeCheck = 0420;
			};
			buildConfigurationList = 26FC0AA90875C8B900E6366F /* Build configuration list for PBXProject "EFLaceViewCoreData" */;
			compatibilityVersion = "Xcode 3.2";
			developmentRegion = English;
			hasScannedForEncodings = 1;
			knownRegions = (
				en,
			);
			mainGroup = 2A37F4AAFDCFA73011CA2CEA /* EFLaceViewCoreData */;
			projectDirPath = "";
			projectRoot = "";
			targets = (
				8D15AC270486D014006FF6A4 /* EFLaceViewCoreData */,
				B4510C270A8885E80058EAF4 /* EFLaceViewLib */,
			);
		};
/* End PBXProject section */

/* Begin PBXResourcesBuildPhase section */
		8D15AC2B0486D014006FF6A4 /* Resources */ = {
			isa = PBXResourcesBuildPhase;
			buildActionMask = 2147483647;
			files = (
				8D15AC2C0486D014006FF6A4 /* Credits.rtf in Resources */,
				8D15AC2D0486D014006FF6A4 /* MainMenu.nib in Resources */,
				8D15AC2E0486D014006FF6A4 /* MyDocument.nib in Resources */,
				8D15AC2F0486D014006FF6A4 /* InfoPlist.strings in Resources */,
				B45A07090A8DFA8400BEB697 /* bug.icns in Resources */,
			);
			runOnlyForDeploymentPostprocessing = 0;
		};
		B4510C240A8885E80058EAF4 /* Resources */ = {
			isa = PBXResourcesBuildPhase;
			buildActionMask = 2147483647;
			files = (
				B4510C4D0A88864F0058EAF4 /* Credits.rtf in Resources */,
			);
			runOnlyForDeploymentPostprocessing = 0;
		};
/* End PBXResourcesBuildPhase section */

/* Begin PBXSourcesBuildPhase section */
		8D15AC300486D014006FF6A4 /* Sources */ = {
			isa = PBXSourcesBuildPhase;
			buildActionMask = 2147483647;
			files = (
				8D15AC310486D014006FF6A4 /* MyDocument.m in Sources */,
				8D15AC320486D014006FF6A4 /* main.m in Sources */,
				775BDEF1067A8BF0009058FE /* MyDocument.xcdatamodel in Sources */,
				B44DCB9F0A8645A100A661DE /* EFFake.m in Sources */,
				B4510CB50A8888330058EAF4 /* EFLaceView.m in Sources */,
				B4510CB80A8888380058EAF4 /* EFView.m in Sources */,
				B4510CBB0A88883D0058EAF4 /* Utils.m in Sources */,
			);
			runOnlyForDeploymentPostprocessing = 0;
		};
		B4510C250A8885E80058EAF4 /* Sources */ = {
			isa = PBXSourcesBuildPhase;
			buildActionMask = 2147483647;
			files = (
				B4510C3A0A88862A0058EAF4 /* EFLaceView.m in Sources */,
				B4510C400A8886340058EAF4 /* EFView.m in Sources */,
				B4510C4A0A8886490058EAF4 /* Utils.m in Sources */,
			);
			runOnlyForDeploymentPostprocessing = 0;
		};
/* End PBXSourcesBuildPhase section */

/* Begin PBXVariantGroup section */
		089C165FFE840EACC02AAC07 /* InfoPlist.strings */ = {
			isa = PBXVariantGroup;
			children = (
				089C1660FE840EACC02AAC07 /* English */,
			);
			name = InfoPlist.strings;
			sourceTree = "<group>";
		};
		2A37F4B4FDCFA73011CA2CEA /* MyDocument.nib */ = {
			isa = PBXVariantGroup;
			children = (
				2A37F4B5FDCFA73011CA2CEA /* English */,
			);
			name = MyDocument.nib;
			sourceTree = "<group>";
		};
		2A37F4B6FDCFA73011CA2CEA /* MainMenu.nib */ = {
			isa = PBXVariantGroup;
			children = (
				2A37F4B7FDCFA73011CA2CEA /* English */,
			);
			name = MainMenu.nib;
			sourceTree = "<group>";
		};
		2A37F4B9FDCFA73011CA2CEA /* Credits.rtf */ = {
			isa = PBXVariantGroup;
			children = (
				2A37F4BAFDCFA73011CA2CEA /* English */,
			);
			name = Credits.rtf;
			sourceTree = "<group>";
		};
/* End PBXVariantGroup section */

/* Begin XCBuildConfiguration section */
		26FC0AA60875C8B900E6366F /* Debug */ = {
			isa = XCBuildConfiguration;
			buildSettings = {
				ARCHS = "$(ARCHS_STANDARD_64_BIT)";
				COPY_PHASE_STRIP = NO;
				GCC_DYNAMIC_NO_PIC = NO;
				GCC_ENABLE_OBJC_EXCEPTIONS = YES;
				GCC_FAST_OBJC_DISPATCH = YES;
				GCC_MODEL_TUNING = G5;
				GCC_OPTIMIZATION_LEVEL = 0;
				GCC_PRECOMPILE_PREFIX_HEADER = YES;
				GCC_PREFIX_HEADER = EFLaceViewCoreData_Prefix.pch;
				INFOPLIST_FILE = Info.plist;
				INSTALL_PATH = "$(HOME)/Applications";
				MACOSX_DEPLOYMENT_TARGET = 10.6;
				PRODUCT_NAME = EFLaceViewCoreData;
				SDKROOT = macosx;
				WRAPPER_EXTENSION = app;
				ZERO_LINK = YES;
			};
			name = Debug;
		};
		26FC0AA70875C8B900E6366F /* Release */ = {
			isa = XCBuildConfiguration;
			buildSettings = {
				ARCHS = "$(ARCHS_STANDARD_64_BIT)";
				GCC_DYNAMIC_NO_PIC = NO;
				GCC_ENABLE_OBJC_EXCEPTIONS = YES;
				GCC_FAST_OBJC_DISPATCH = YES;
				GCC_GENERATE_DEBUGGING_SYMBOLS = NO;
				GCC_MODEL_TUNING = G5;
				GCC_PRECOMPILE_PREFIX_HEADER = YES;
				GCC_PREFIX_HEADER = EFLaceViewCoreData_Prefix.pch;
				INFOPLIST_FILE = Info.plist;
				INSTALL_PATH = "$(HOME)/Applications";
				MACOSX_DEPLOYMENT_TARGET = 10.6;
				PRODUCT_NAME = EFLaceViewCoreData;
				SDKROOT = macosx;
				WRAPPER_EXTENSION = app;
			};
			name = Release;
		};
		26FC0AAA0875C8B900E6366F /* Debug */ = {
			isa = XCBuildConfiguration;
			buildSettings = {
				GCC_VERSION = com.apple.compilers.llvm.clang.1_0;
				GCC_WARN_ABOUT_MISSING_PROTOTYPES = YES;
				GCC_WARN_ABOUT_RETURN_TYPE = YES;
				GCC_WARN_UNUSED_VARIABLE = YES;
				MACOSX_DEPLOYMENT_TARGET = 10.5;
				SDKROOT = macosx;
			};
			name = Debug;
		};
		26FC0AAB0875C8B900E6366F /* Release */ = {
			isa = XCBuildConfiguration;
			buildSettings = {
				FRAMEWORK_SEARCH_PATHS = "$(inherited)";
				FRAMEWORK_SEARCH_PATHS_QUOTED_1 = "Users/edouard/EFLaceView\\ -\\ copie/EFLaceViewCoreData/build/Release/";
				GCC_VERSION = com.apple.compilers.llvm.clang.1_0;
				GCC_WARN_ABOUT_MISSING_PROTOTYPES = YES;
				GCC_WARN_ABOUT_RETURN_TYPE = YES;
				GCC_WARN_UNUSED_VARIABLE = YES;
				MACOSX_DEPLOYMENT_TARGET = 10.5;
				SDKROOT = macosx;
			};
			name = Release;
		};
		B4510C2B0A8885E90058EAF4 /* Debug */ = {
			isa = XCBuildConfiguration;
			buildSettings = {
				ARCHS = "$(ARCHS_STANDARD_64_BIT)";
				CLANG_ENABLE_OBJC_ARC = YES;
				COPY_PHASE_STRIP = NO;
				DYLIB_COMPATIBILITY_VERSION = 1;
				DYLIB_CURRENT_VERSION = 1;
				FRAMEWORK_VERSION = A;
				GCC_DYNAMIC_NO_PIC = NO;
				GCC_GENERATE_DEBUGGING_SYMBOLS = YES;
				GCC_MODEL_TUNING = G5;
				GCC_OPTIMIZATION_LEVEL = 0;
				GCC_PRECOMPILE_PREFIX_HEADER = YES;
				GCC_PREFIX_HEADER = "$(SYSTEM_LIBRARY_DIR)/Frameworks/AppKit.framework/Headers/AppKit.h";
				INFOPLIST_FILE = "EFLaceViewLib-Info.plist";
				INSTALL_PATH = "$(HOME)/Library/Frameworks";
				MACOSX_DEPLOYMENT_TARGET = 10.5;
				OTHER_LDFLAGS = (
					"-framework",
					Foundation,
					"-framework",
					AppKit,
				);
				PRODUCT_NAME = EFLaceViewLib;
				SDKROOT = macosx;
				ZERO_LINK = YES;
			};
			name = Debug;
		};
		B4510C2C0A8885E90058EAF4 /* Release */ = {
			isa = XCBuildConfiguration;
			buildSettings = {
				ARCHS = "$(ARCHS_STANDARD_64_BIT)";
				CLANG_ENABLE_OBJC_ARC = YES;
				COPY_PHASE_STRIP = YES;
				DYLIB_COMPATIBILITY_VERSION = 1;
				DYLIB_CURRENT_VERSION = 1;
				FRAMEWORK_VERSION = A;
				GCC_GENERATE_DEBUGGING_SYMBOLS = NO;
				GCC_MODEL_TUNING = G5;
				GCC_PRECOMPILE_PREFIX_HEADER = YES;
				GCC_PREFIX_HEADER = "$(SYSTEM_LIBRARY_DIR)/Frameworks/AppKit.framework/Headers/AppKit.h";
				INFOPLIST_FILE = "EFLaceViewLib-Info.plist";
				INSTALL_PATH = "$(HOME)/Library/Frameworks";
				MACOSX_DEPLOYMENT_TARGET = 10.5;
				OTHER_LDFLAGS = (
					"-framework",
					Foundation,
					"-framework",
					AppKit,
				);
				PRODUCT_NAME = EFLaceViewLib;
				SDKROOT = macosx;
				ZERO_LINK = NO;
			};
			name = Release;
		};
/* End XCBuildConfiguration section */

/* Begin XCConfigurationList section */
		26FC0AA50875C8B900E6366F /* Build configuration list for PBXNativeTarget "EFLaceViewCoreData" */ = {
			isa = XCConfigurationList;
			buildConfigurations = (
				26FC0AA60875C8B900E6366F /* Debug */,
				26FC0AA70875C8B900E6366F /* Release */,
			);
			defaultConfigurationIsVisible = 0;
			defaultConfigurationName = Release;
		};
		26FC0AA90875C8B900E6366F /* Build configuration list for PBXProject "EFLaceViewCoreData" */ = {
			isa = XCConfigurationList;
			buildConfigurations = (
				26FC0AAA0875C8B900E6366F /* Debug */,
				26FC0AAB0875C8B900E6366F /* Release */,
			);
			defaultConfigurationIsVisible = 0;
			defaultConfigurationName = Release;
		};
		B4510C2A0A8885E90058EAF4 /* Build configuration list for PBXNativeTarget "EFLaceViewLib" */ = {
			isa = XCConfigurationList;
			buildConfigurations = (
				B4510C2B0A8885E90058EAF4 /* Debug */,
				B4510C2C0A8885E90058EAF4 /* Release */,
			);
			defaultConfigurationIsVisible = 0;
			defaultConfigurationName = Release;
		};
/* End XCConfigurationList section */
	};
	rootObject = 2A37F4A9FDCFA73011CA2CEA /* Project object */;
}
